
Microsoft Visual Studio Solution File, Format Version 12.00
# Visual Studio 15
Project("{FAE04EC0-301F-11D3-BF4B-00C04F79EFBC}") = "Assembly-CSharp", "Assembly-CSharp.csproj", "{DD8264D8-B82E-7A2C-D3C8-2162CDE99DD4}"
EndProject
Project("{FAE04EC0-301F-11D3-BF4B-00C04F79EFBC}") = "Assembly-CSharp-Editor", "Assembly-CSharp-Editor.csproj", "{381D5BE5-7CD9-443E-EF51-3DC0177AB769}"
EndProject
Global
	GlobalSection(SolutionConfigurationPlatforms) = preSolution
		Debug|Any CPU = Debug|Any CPU
		Release|Any CPU = Release|Any CPU
	EndGlobalSection
	GlobalSection(ProjectConfigurationPlatforms) = postSolution
		{DD8264D8-B82E-7A2C-D3C8-2162CDE99DD4}.Debug|Any CPU.ActiveCfg = Debug|Any CPU
		{DD8264D8-B82E-7A2C-D3C8-2162CDE99DD4}.Debug|Any CPU.Build.0 = Debug|Any CPU
		{DD8264D8-B82E-7A2C-D3C8-2162CDE99DD4}.Release|Any CPU.ActiveCfg = Release|Any CPU
		{DD8264D8-B82E-7A2C-D3C8-2162CDE99DD4}.Release|Any CPU.Build.0 = Release|Any CPU
		{381D5BE5-7CD9-443E-EF51-3DC0177AB769}.Debug|Any CPU.ActiveCfg = Debug|Any CPU
		{381D5BE5-7CD9-443E-EF51-3DC0177AB769}.Debug|Any CPU.Build.0 = Debug|Any CPU
		{381D5BE5-7CD9-443E-EF51-3DC0177AB769}.Release|Any CPU.ActiveCfg = Release|Any CPU
		{381D5BE5-7CD9-443E-EF51-3DC0177AB769}.Release|Any CPU.Build.0 = Release|Any CPU
	EndGlobalSection
	GlobalSection(SolutionProperties) = preSolution
		HideSolutionNode = FALSE
	EndGlobalSection
EndGlobal
